
Microsoft Visual Studio Solution File, Format Version 12.00
# Visual Studio Version 16
VisualStudioVersion = 16.0.31424.327
MinimumVisualStudioVersion = 10.0.40219.1
Project("{FAE04EC0-301F-11D3-BF4B-00C04F79EFBC}") = "ExemploSignalR", "ExemploSignalR\ExemploSignalR.csproj", "{FF6DB4A7-C4B1-40B9-99E8-73089C14513C}"
EndProject
Global
	GlobalSection(SolutionConfigurationPlatforms) = preSolution
		Debug|Any CPU = Debug|Any CPU
		Release|Any CPU = Release|Any CPU
	EndGlobalSection
	GlobalSection(ProjectConfigurationPlatforms) = postSolution
		{FF6DB4A7-C4B1-40B9-99E8-73089C14513C}.Debug|Any CPU.ActiveCfg = Debug|Any CPU
		{FF6DB4A7-C4B1-40B9-99E8-73089C14513C}.Debug|Any CPU.Build.0 = Debug|Any CPU
		{FF6DB4A7-C4B1-40B9-99E8-73089C14513C}.Release|Any CPU.ActiveCfg = Release|Any CPU
		{FF6DB4A7-C4B1-40B9-99E8-73089C14513C}.Release|Any CPU.Build.0 = Release|Any CPU
	EndGlobalSection
	GlobalSection(SolutionProperties) = preSolution
		HideSolutionNode = FALSE
	EndGlobalSection
	GlobalSection(ExtensibilityGlobals) = postSolution
		SolutionGuid = {7E3BAAB8-B0C0-45F0-A85A-66A8CBAD41D8}
	EndGlobalSection
EndGlobal
